
Microsoft Visual Studio Solution File, Format Version 12.00
# Visual Studio 15
VisualStudioVersion = 15.0.27703.2042
MinimumVisualStudioVersion = 10.0.40219.1
Project("{2150E333-8FDC-42A3-9474-1A3956D46DE8}") = "0.Facade", "0.Facade", "{5B78AC52-0720-4B4D-AAE0-5D23E090FAB6}"
EndProject
Project("{2150E333-8FDC-42A3-9474-1A3956D46DE8}") = "2.Infrastructure", "2.Infrastructure", "{0DEE475E-D39D-41F8-91F4-187E8D8FAB31}"
EndProject
Project("{2150E333-8FDC-42A3-9474-1A3956D46DE8}") = "1.Application", "1.Application", "{5259C3D0-6549-49F7-BC80-91B73A5B2E47}"
EndProject
Project("{2150E333-8FDC-42A3-9474-1A3956D46DE8}") = "3.Common", "3.Common", "{D7E6FA56-C73B-438C-BFC9-2B495BFB957E}"
EndProject
Project("{FAE04EC0-301F-11D3-BF4B-00C04F79EFBC}") = "FileServer.Infrastructure.Repository", "FileServer.Infrastructure.Repository\FileServer.Infrastructure.Repository.csproj", "{B5AAF5CE-012F-4F69-9595-BEB75A815484}"
EndProject
Project("{FAE04EC0-301F-11D3-BF4B-00C04F79EFBC}") = "FileServer.Application.Services", "FileServer.Application.Services\FileServer.Application.Services.csproj", "{9700499F-8E5A-46BF-BD6F-B6AEB580C041}"
EndProject
Project("{FAE04EC0-301F-11D3-BF4B-00C04F79EFBC}") = "FileServer.Facade.WebApi", "FileServer.Facade.WebApi\FileServer.Facade.WebApi.csproj", "{2C2B2AB9-C06B-47C7-9AB6-689C4402387A}"
EndProject
Project("{FAE04EC0-301F-11D3-BF4B-00C04F79EFBC}") = "FileServer.Facade.WebApi.Tests", "FileServer.Facade.WebApi.Tests\FileServer.Facade.WebApi.Tests.csproj", "{099356AA-00C4-41C5-A859-DFD24852F0F2}"
EndProject
Project("{FAE04EC0-301F-11D3-BF4B-00C04F79EFBC}") = "FileServer.Common.Entities", "FileServer.Common.Entities\FileServer.Common.Entities.csproj", "{DAB107FE-FE4C-4232-B681-CB90FF834DDD}"
EndProject
Project("{FAE04EC0-301F-11D3-BF4B-00C04F79EFBC}") = "FileServer.Common.Layer", "FileServer.Common.Layer\FileServer.Common.Layer.csproj", "{8F4E6E7A-2594-42F4-82DA-0A7FDA513EE5}"
EndProject
Project("{FAE04EC0-301F-11D3-BF4B-00C04F79EFBC}") = "RepoTests", "RepoTests\RepoTests.csproj", "{6F5F85D3-0C26-4712-BB22-E599E1B3E309}"
EndProject
Global
	GlobalSection(SolutionConfigurationPlatforms) = preSolution
		Debug|Any CPU = Debug|Any CPU
		Release|Any CPU = Release|Any CPU
	EndGlobalSection
	GlobalSection(ProjectConfigurationPlatforms) = postSolution
		{B5AAF5CE-012F-4F69-9595-BEB75A815484}.Debug|Any CPU.ActiveCfg = Debug|Any CPU
		{B5AAF5CE-012F-4F69-9595-BEB75A815484}.Debug|Any CPU.Build.0 = Debug|Any CPU
		{B5AAF5CE-012F-4F69-9595-BEB75A815484}.Release|Any CPU.ActiveCfg = Release|Any CPU
		{B5AAF5CE-012F-4F69-9595-BEB75A815484}.Release|Any CPU.Build.0 = Release|Any CPU
		{9700499F-8E5A-46BF-BD6F-B6AEB580C041}.Debug|Any CPU.ActiveCfg = Debug|Any CPU
		{9700499F-8E5A-46BF-BD6F-B6AEB580C041}.Debug|Any CPU.Build.0 = Debug|Any CPU
		{9700499F-8E5A-46BF-BD6F-B6AEB580C041}.Release|Any CPU.ActiveCfg = Release|Any CPU
		{9700499F-8E5A-46BF-BD6F-B6AEB580C041}.Release|Any CPU.Build.0 = Release|Any CPU
		{2C2B2AB9-C06B-47C7-9AB6-689C4402387A}.Debug|Any CPU.ActiveCfg = Debug|Any CPU
		{2C2B2AB9-C06B-47C7-9AB6-689C4402387A}.Debug|Any CPU.Build.0 = Debug|Any CPU
		{2C2B2AB9-C06B-47C7-9AB6-689C4402387A}.Release|Any CPU.ActiveCfg = Release|Any CPU
		{2C2B2AB9-C06B-47C7-9AB6-689C4402387A}.Release|Any CPU.Build.0 = Release|Any CPU
		{099356AA-00C4-41C5-A859-DFD24852F0F2}.Debug|Any CPU.ActiveCfg = Debug|Any CPU
		{099356AA-00C4-41C5-A859-DFD24852F0F2}.Debug|Any CPU.Build.0 = Debug|Any CPU
		{099356AA-00C4-41C5-A859-DFD24852F0F2}.Release|Any CPU.ActiveCfg = Release|Any CPU
		{099356AA-00C4-41C5-A859-DFD24852F0F2}.Release|Any CPU.Build.0 = Release|Any CPU
		{DAB107FE-FE4C-4232-B681-CB90FF834DDD}.Debug|Any CPU.ActiveCfg = Debug|Any CPU
		{DAB107FE-FE4C-4232-B681-CB90FF834DDD}.Debug|Any CPU.Build.0 = Debug|Any CPU
		{DAB107FE-FE4C-4232-B681-CB90FF834DDD}.Release|Any CPU.ActiveCfg = Release|Any CPU
		{DAB107FE-FE4C-4232-B681-CB90FF834DDD}.Release|Any CPU.Build.0 = Release|Any CPU
		{8F4E6E7A-2594-42F4-82DA-0A7FDA513EE5}.Debug|Any CPU.ActiveCfg = Debug|Any CPU
		{8F4E6E7A-2594-42F4-82DA-0A7FDA513EE5}.Debug|Any CPU.Build.0 = Debug|Any CPU
		{8F4E6E7A-2594-42F4-82DA-0A7FDA513EE5}.Release|Any CPU.ActiveCfg = Release|Any CPU
		{8F4E6E7A-2594-42F4-82DA-0A7FDA513EE5}.Release|Any CPU.Build.0 = Release|Any CPU
		{6F5F85D3-0C26-4712-BB22-E599E1B3E309}.Debug|Any CPU.ActiveCfg = Debug|Any CPU
		{6F5F85D3-0C26-4712-BB22-E599E1B3E309}.Debug|Any CPU.Build.0 = Debug|Any CPU
		{6F5F85D3-0C26-4712-BB22-E599E1B3E309}.Release|Any CPU.ActiveCfg = Release|Any CPU
		{6F5F85D3-0C26-4712-BB22-E599E1B3E309}.Release|Any CPU.Build.0 = Release|Any CPU
	EndGlobalSection
	GlobalSection(SolutionProperties) = preSolution
		HideSolutionNode = FALSE
	EndGlobalSection
	GlobalSection(NestedProjects) = preSolution
		{B5AAF5CE-012F-4F69-9595-BEB75A815484} = {0DEE475E-D39D-41F8-91F4-187E8D8FAB31}
		{9700499F-8E5A-46BF-BD6F-B6AEB580C041} = {5259C3D0-6549-49F7-BC80-91B73A5B2E47}
		{2C2B2AB9-C06B-47C7-9AB6-689C4402387A} = {5B78AC52-0720-4B4D-AAE0-5D23E090FAB6}
		{099356AA-00C4-41C5-A859-DFD24852F0F2} = {5B78AC52-0720-4B4D-AAE0-5D23E090FAB6}
		{DAB107FE-FE4C-4232-B681-CB90FF834DDD} = {D7E6FA56-C73B-438C-BFC9-2B495BFB957E}
		{8F4E6E7A-2594-42F4-82DA-0A7FDA513EE5} = {D7E6FA56-C73B-438C-BFC9-2B495BFB957E}
		{6F5F85D3-0C26-4712-BB22-E599E1B3E309} = {0DEE475E-D39D-41F8-91F4-187E8D8FAB31}
	EndGlobalSection
	GlobalSection(ExtensibilityGlobals) = postSolution
		SolutionGuid = {2DA9FEDE-02B5-479F-BC5C-2CFE5365E114}
	EndGlobalSection
EndGlobal
